
Microsoft Visual Studio Solution File, Format Version 12.00
# Visual Studio Version 17
VisualStudioVersion = 17.6.33723.286
MinimumVisualStudioVersion = 10.0.40219.1
Project("{FAE04EC0-301F-11D3-BF4B-00C04F79EFBC}") = "PEDRO-JOJO", "PEDRO-JOJO\PEDRO-JOJO.csproj", "{76EB114A-4C66-4E0D-94FB-B31B2E3C8F4F}"
EndProject
Global
	GlobalSection(SolutionConfigurationPlatforms) = preSolution
		Debug|Any CPU = Debug|Any CPU
		Release|Any CPU = Release|Any CPU
	EndGlobalSection
	GlobalSection(ProjectConfigurationPlatforms) = postSolution
		{76EB114A-4C66-4E0D-94FB-B31B2E3C8F4F}.Debug|Any CPU.ActiveCfg = Debug|Any CPU
		{76EB114A-4C66-4E0D-94FB-B31B2E3C8F4F}.Debug|Any CPU.Build.0 = Debug|Any CPU
		{76EB114A-4C66-4E0D-94FB-B31B2E3C8F4F}.Release|Any CPU.ActiveCfg = Release|Any CPU
		{76EB114A-4C66-4E0D-94FB-B31B2E3C8F4F}.Release|Any CPU.Build.0 = Release|Any CPU
	EndGlobalSection
	GlobalSection(SolutionProperties) = preSolution
		HideSolutionNode = FALSE
	EndGlobalSection
	GlobalSection(ExtensibilityGlobals) = postSolution
		SolutionGuid = {7BAFC19C-928C-49BE-9140-26274FE12C22}
	EndGlobalSection
EndGlobal
